// !$*UTF8*$!
{
	archiveVersion = 1;
	classes = {
	};
	objectVersion = 46;
	objects = {

/* Begin PBXBuildFile section */
		DD0D99391BA11F130055C7AB /* KOHButton.m in Sources */ = {isa = PBXBuildFile; fileRef = DD0D99381BA11F130055C7AB /* KOHButton.m */; };
		DD2760751BA5D85100A746DB /* PhotoViewController.m in Sources */ = {isa = PBXBuildFile; fileRef = DD2760741BA5D85100A746DB /* PhotoViewController.m */; };
		DD290F6F1BA0ED8E00CA7531 /* ProfileViewController.m in Sources */ = {isa = PBXBuildFile; fileRef = DD290F6E1BA0ED8E00CA7531 /* ProfileViewController.m */; };
		DDBF14E81B8E827800A31F6D /* main.m in Sources */ = {isa = PBXBuildFile; fileRef = DDBF14E71B8E827800A31F6D /* main.m */; };
		DDBF14EB1B8E827800A31F6D /* AppDelegate.m in Sources */ = {isa = PBXBuildFile; fileRef = DDBF14EA1B8E827800A31F6D /* AppDelegate.m */; };
		DDBF14F11B8E827800A31F6D /* Main.storyboard in Resources */ = {isa = PBXBuildFile; fileRef = DDBF14EF1B8E827800A31F6D /* Main.storyboard */; };
		DDBF14F31B8E827800A31F6D /* Assets.xcassets in Resources */ = {isa = PBXBuildFile; fileRef = DDBF14F21B8E827800A31F6D /* Assets.xcassets */; };
		DDBF14F61B8E827800A31F6D /* LaunchScreen.storyboard in Resources */ = {isa = PBXBuildFile; fileRef = DDBF14F41B8E827800A31F6D /* LaunchScreen.storyboard */; };
		DDBF15011B8E827800A31F6D /* InstaPhotoTests.m in Sources */ = {isa = PBXBuildFile; fileRef = DDBF15001B8E827800A31F6D /* InstaPhotoTests.m */; };
		DDBF150C1B8E827800A31F6D /* InstaPhotoUITests.m in Sources */ = {isa = PBXBuildFile; fileRef = DDBF150B1B8E827800A31F6D /* InstaPhotoUITests.m */; };
		DDBF151B1B8E8A7F00A31F6D /* FeedTableViewController.m in Sources */ = {isa = PBXBuildFile; fileRef = DDBF151A1B8E8A7F00A31F6D /* FeedTableViewController.m */; };
		DDBF151E1B8E8CD500A31F6D /* FavoritesViewController.m in Sources */ = {isa = PBXBuildFile; fileRef = DDBF151D1B8E8CD500A31F6D /* FavoritesViewController.m */; };
		DDFE78BA1BAA4E930064D78B /* KOHTableViewCell.m in Sources */ = {isa = PBXBuildFile; fileRef = DDFE78B91BAA4E930064D78B /* KOHTableViewCell.m */; };
/* End PBXBuildFile section */

/* Begin PBXContainerItemProxy section */
		DDBF14FD1B8E827800A31F6D /* PBXContainerItemProxy */ = {
			isa = PBXContainerItemProxy;
			containerPortal = DDBF14DB1B8E827800A31F6D /* Project object */;
			proxyType = 1;
			remoteGlobalIDString = DDBF14E21B8E827800A31F6D;
			remoteInfo = InstaPhoto;
		};
		DDBF15081B8E827800A31F6D /* PBXContainerItemProxy */ = {
			isa = PBXContainerItemProxy;
			containerPortal = DDBF14DB1B8E827800A31F6D /* Project object */;
			proxyType = 1;
			remoteGlobalIDString = DDBF14E21B8E827800A31F6D;
			remoteInfo = InstaPhoto;
		};
/* End PBXContainerItemProxy section */

/* Begin PBXFileReference section */
		DD0D99371BA11F130055C7AB /* KOHButton.h */ = {isa = PBXFileReference; fileEncoding = 4; lastKnownFileType = sourcecode.c.h; path = KOHButton.h; sourceTree = "<group>"; };
		DD0D99381BA11F130055C7AB /* KOHButton.m */ = {isa = PBXFileReference; fileEncoding = 4; lastKnownFileType = sourcecode.c.objc; path = KOHButton.m; sourceTree = "<group>"; };
		DD2760731BA5D85100A746DB /* PhotoViewController.h */ = {isa = PBXFileReference; fileEncoding = 4; lastKnownFileType = sourcecode.c.h; path = PhotoViewController.h; sourceTree = "<group>"; };
		DD2760741BA5D85100A746DB /* PhotoViewController.m */ = {isa = PBXFileReference; fileEncoding = 4; lastKnownFileType = sourcecode.c.objc; path = PhotoViewController.m; sourceTree = "<group>"; };
		DD290F6D1BA0ED8E00CA7531 /* ProfileViewController.h */ = {isa = PBXFileReference; fileEncoding = 4; lastKnownFileType = sourcecode.c.h; path = ProfileViewController.h; sourceTree = "<group>"; };
		DD290F6E1BA0ED8E00CA7531 /* ProfileViewController.m */ = {isa = PBXFileReference; fileEncoding = 4; lastKnownFileType = sourcecode.c.objc; path = ProfileViewController.m; sourceTree = "<group>"; };
		DDBF14E31B8E827800A31F6D /* InstaPhoto.app */ = {isa = PBXFileReference; explicitFileType = wrapper.application; includeInIndex = 0; path = InstaPhoto.app; sourceTree = BUILT_PRODUCTS_DIR; };
		DDBF14E71B8E827800A31F6D /* main.m */ = {isa = PBXFileReference; lastKnownFileType = sourcecode.c.objc; path = main.m; sourceTree = "<group>"; };
		DDBF14E91B8E827800A31F6D /* AppDelegate.h */ = {isa = PBXFileReference; lastKnownFileType = sourcecode.c.h; path = AppDelegate.h; sourceTree = "<group>"; };
		DDBF14EA1B8E827800A31F6D /* AppDelegate.m */ = {isa = PBXFileReference; lastKnownFileType = sourcecode.c.objc; path = AppDelegate.m; sourceTree = "<group>"; };
		DDBF14F01B8E827800A31F6D /* Base */ = {isa = PBXFileReference; lastKnownFileType = file.storyboard; name = Base; path = Base.lproj/Main.storyboard; sourceTree = "<group>"; };
		DDBF14F21B8E827800A31F6D /* Assets.xcassets */ = {isa = PBXFileReference; lastKnownFileType = folder.assetcatalog; path = Assets.xcassets; sourceTree = "<group>"; };
		DDBF14F51B8E827800A31F6D /* Base */ = {isa = PBXFileReference; lastKnownFileType = file.storyboard; name = Base; path = Base.lproj/LaunchScreen.storyboard; sourceTree = "<group>"; };
		DDBF14F71B8E827800A31F6D /* Info.plist */ = {isa = PBXFileReference; lastKnownFileType = text.plist.xml; path = Info.plist; sourceTree = "<group>"; };
		DDBF14FC1B8E827800A31F6D /* InstaPhotoTests.xctest */ = {isa = PBXFileReference; explicitFileType = wrapper.cfbundle; includeInIndex = 0; path = InstaPhotoTests.xctest; sourceTree = BUILT_PRODUCTS_DIR; };
		DDBF15001B8E827800A31F6D /* InstaPhotoTests.m */ = {isa = PBXFileReference; lastKnownFileType = sourcecode.c.objc; path = InstaPhotoTests.m; sourceTree = "<group>"; };
		DDBF15021B8E827800A31F6D /* Info.plist */ = {isa = PBXFileReference; lastKnownFileType = text.plist.xml; path = Info.plist; sourceTree = "<group>"; };
		DDBF15071B8E827800A31F6D /* InstaPhotoUITests.xctest */ = {isa = PBXFileReference; explicitFileType = wrapper.cfbundle; includeInIndex = 0; path = InstaPhotoUITests.xctest; sourceTree = BUILT_PRODUCTS_DIR; };
		DDBF150B1B8E827800A31F6D /* InstaPhotoUITests.m */ = {isa = PBXFileReference; lastKnownFileType = sourcecode.c.objc; path = InstaPhotoUITests.m; sourceTree = "<group>"; };
		DDBF150D1B8E827800A31F6D /* Info.plist */ = {isa = PBXFileReference; lastKnownFileType = text.plist.xml; path = Info.plist; sourceTree = "<group>"; };
		DDBF15191B8E8A7F00A31F6D /* FeedTableViewController.h */ = {isa = PBXFileReference; fileEncoding = 4; lastKnownFileType = sourcecode.c.h; path = FeedTableViewController.h; sourceTree = "<group>"; };
		DDBF151A1B8E8A7F00A31F6D /* FeedTableViewController.m */ = {isa = PBXFileReference; fileEncoding = 4; lastKnownFileType = sourcecode.c.objc; path = FeedTableViewController.m; sourceTree = "<group>"; };
		DDBF151C1B8E8CD500A31F6D /* FavoritesViewController.h */ = {isa = PBXFileReference; fileEncoding = 4; lastKnownFileType = sourcecode.c.h; path = FavoritesViewController.h; sourceTree = "<group>"; };
		DDBF151D1B8E8CD500A31F6D /* FavoritesViewController.m */ = {isa = PBXFileReference; fileEncoding = 4; lastKnownFileType = sourcecode.c.objc; path = FavoritesViewController.m; sourceTree = "<group>"; };
		DDFE78B81BAA4E930064D78B /* KOHTableViewCell.h */ = {isa = PBXFileReference; fileEncoding = 4; lastKnownFileType = sourcecode.c.h; path = KOHTableViewCell.h; sourceTree = "<group>"; };
		DDFE78B91BAA4E930064D78B /* KOHTableViewCell.m */ = {isa = PBXFileReference; fileEncoding = 4; lastKnownFileType = sourcecode.c.objc; path = KOHTableViewCell.m; sourceTree = "<group>"; };
/* End PBXFileReference section */

/* Begin PBXFrameworksBuildPhase section */
		DDBF14E01B8E827800A31F6D /* Frameworks */ = {
			isa = PBXFrameworksBuildPhase;
			buildActionMask = 2147483647;
			files = (
			);
			runOnlyForDeploymentPostprocessing = 0;
		};
		DDBF14F91B8E827800A31F6D /* Frameworks */ = {
			isa = PBXFrameworksBuildPhase;
			buildActionMask = 2147483647;
			files = (
			);
			runOnlyForDeploymentPostprocessing = 0;
		};
		DDBF15041B8E827800A31F6D /* Frameworks */ = {
			isa = PBXFrameworksBuildPhase;
			buildActionMask = 2147483647;
			files = (
			);
			runOnlyForDeploymentPostprocessing = 0;
		};
/* End PBXFrameworksBuildPhase section */

/* Begin PBXGroup section */
		DDBF14DA1B8E827800A31F6D = {
			isa = PBXGroup;
			children = (
				DDBF14E51B8E827800A31F6D /* InstaPhoto */,
				DDBF14FF1B8E827800A31F6D /* InstaPhotoTests */,
				DDBF150A1B8E827800A31F6D /* InstaPhotoUITests */,
				DDBF14E41B8E827800A31F6D /* Products */,
			);
			sourceTree = "<group>";
		};
		DDBF14E41B8E827800A31F6D /* Products */ = {
			isa = PBXGroup;
			children = (
				DDBF14E31B8E827800A31F6D /* InstaPhoto.app */,
				DDBF14FC1B8E827800A31F6D /* InstaPhotoTests.xctest */,
				DDBF15071B8E827800A31F6D /* InstaPhotoUITests.xctest */,
			);
			name = Products;
			sourceTree = "<group>";
		};
		DDBF14E51B8E827800A31F6D /* InstaPhoto */ = {
			isa = PBXGroup;
			children = (
				DD0D99371BA11F130055C7AB /* KOHButton.h */,
				DD0D99381BA11F130055C7AB /* KOHButton.m */,
				DD290F6D1BA0ED8E00CA7531 /* ProfileViewController.h */,
				DD290F6E1BA0ED8E00CA7531 /* ProfileViewController.m */,
				DDBF15191B8E8A7F00A31F6D /* FeedTableViewController.h */,
				DD2760731BA5D85100A746DB /* PhotoViewController.h */,
				DD2760741BA5D85100A746DB /* PhotoViewController.m */,
				DDFE78B81BAA4E930064D78B /* KOHTableViewCell.h */,
				DDFE78B91BAA4E930064D78B /* KOHTableViewCell.m */,
				DDBF151A1B8E8A7F00A31F6D /* FeedTableViewController.m */,
				DDBF151C1B8E8CD500A31F6D /* FavoritesViewController.h */,
				DDBF151D1B8E8CD500A31F6D /* FavoritesViewController.m */,
				DDBF14E91B8E827800A31F6D /* AppDelegate.h */,
				DDBF14EA1B8E827800A31F6D /* AppDelegate.m */,
				DDBF14EF1B8E827800A31F6D /* Main.storyboard */,
				DDBF14F21B8E827800A31F6D /* Assets.xcassets */,
				DDBF14F41B8E827800A31F6D /* LaunchScreen.storyboard */,
				DDBF14F71B8E827800A31F6D /* Info.plist */,
				DDBF14E61B8E827800A31F6D /* Supporting Files */,
			);
			path = InstaPhoto;
			sourceTree = "<group>";
		};
		DDBF14E61B8E827800A31F6D /* Supporting Files */ = {
			isa = PBXGroup;
			children = (
				DDBF14E71B8E827800A31F6D /* main.m */,
			);
			name = "Supporting Files";
			sourceTree = "<group>";
		};
		DDBF14FF1B8E827800A31F6D /* InstaPhotoTests */ = {
			isa = PBXGroup;
			children = (
				DDBF15001B8E827800A31F6D /* InstaPhotoTests.m */,
				DDBF15021B8E827800A31F6D /* Info.plist */,
			);
			path = InstaPhotoTests;
			sourceTree = "<group>";
		};
		DDBF150A1B8E827800A31F6D /* InstaPhotoUITests */ = {
			isa = PBXGroup;
			children = (
				DDBF150B1B8E827800A31F6D /* InstaPhotoUITests.m */,
				DDBF150D1B8E827800A31F6D /* Info.plist */,
			);
			path = InstaPhotoUITests;
			sourceTree = "<group>";
		};
/* End PBXGroup section */

/* Begin PBXNativeTarget section */
		DDBF14E21B8E827800A31F6D /* InstaPhoto */ = {
			isa = PBXNativeTarget;
			buildConfigurationList = DDBF15101B8E827800A31F6D /* Build configuration list for PBXNativeTarget "InstaPhoto" */;
			buildPhases = (
				DDBF14DF1B8E827800A31F6D /* Sources */,
				DDBF14E01B8E827800A31F6D /* Frameworks */,
				DDBF14E11B8E827800A31F6D /* Resources */,
			);
			buildRules = (
			);
			dependencies = (
			);
			name = InstaPhoto;
			productName = InstaPhoto;
			productReference = DDBF14E31B8E827800A31F6D /* InstaPhoto.app */;
			productType = "com.apple.product-type.application";
		};
		DDBF14FB1B8E827800A31F6D /* InstaPhotoTests */ = {
			isa = PBXNativeTarget;
			buildConfigurationList = DDBF15131B8E827800A31F6D /* Build configuration list for PBXNativeTarget "InstaPhotoTests" */;
			buildPhases = (
				DDBF14F81B8E827800A31F6D /* Sources */,
				DDBF14F91B8E827800A31F6D /* Frameworks */,
				DDBF14FA1B8E827800A31F6D /* Resources */,
			);
			buildRules = (
			);
			dependencies = (
				DDBF14FE1B8E827800A31F6D /* PBXTargetDependency */,
			);
			name = InstaPhotoTests;
			productName = InstaPhotoTests;
			productReference = DDBF14FC1B8E827800A31F6D /* InstaPhotoTests.xctest */;
			productType = "com.apple.product-type.bundle.unit-test";
		};
		DDBF15061B8E827800A31F6D /* InstaPhotoUITests */ = {
			isa = PBXNativeTarget;
			buildConfigurationList = DDBF15161B8E827800A31F6D /* Build configuration list for PBXNativeTarget "InstaPhotoUITests" */;
			buildPhases = (
				DDBF15031B8E827800A31F6D /* Sources */,
				DDBF15041B8E827800A31F6D /* Frameworks */,
				DDBF15051B8E827800A31F6D /* Resources */,
			);
			buildRules = (
			);
			dependencies = (
				DDBF15091B8E827800A31F6D /* PBXTargetDependency */,
			);
			name = InstaPhotoUITests;
			productName = InstaPhotoUITests;
			productReference = DDBF15071B8E827800A31F6D /* InstaPhotoUITests.xctest */;
			productType = "com.apple.product-type.bundle.ui-testing";
		};
/* End PBXNativeTarget section */

/* Begin PBXProject section */
		DDBF14DB1B8E827800A31F6D /* Project object */ = {
			isa = PBXProject;
			attributes = {
				LastUpgradeCheck = 0700;
				ORGANIZATIONNAME = com.DavisKoh;
				TargetAttributes = {
					DDBF14E21B8E827800A31F6D = {
						CreatedOnToolsVersion = 7.0;
					};
					DDBF14FB1B8E827800A31F6D = {
						CreatedOnToolsVersion = 7.0;
						TestTargetID = DDBF14E21B8E827800A31F6D;
					};
					DDBF15061B8E827800A31F6D = {
						CreatedOnToolsVersion = 7.0;
						TestTargetID = DDBF14E21B8E827800A31F6D;
					};
				};
			};
			buildConfigurationList = DDBF14DE1B8E827800A31F6D /* Build configuration list for PBXProject "InstaPhoto" */;
			compatibilityVersion = "Xcode 3.2";
			developmentRegion = English;
			hasScannedForEncodings = 0;
			knownRegions = (
				en,
				Base,
			);
			mainGroup = DDBF14DA1B8E827800A31F6D;
			productRefGroup = DDBF14E41B8E827800A31F6D /* Products */;
			projectDirPath = "";
			projectRoot = "";
			targets = (
				DDBF14E21B8E827800A31F6D /* InstaPhoto */,
				DDBF14FB1B8E827800A31F6D /* InstaPhotoTests */,
				DDBF15061B8E827800A31F6D /* InstaPhotoUITests */,
			);
		};
/* End PBXProject section */

/* Begin PBXResourcesBuildPhase section */
		DDBF14E11B8E827800A31F6D /* Resources */ = {
			isa = PBXResourcesBuildPhase;
			buildActionMask = 2147483647;
			files = (
				DDBF14F61B8E827800A31F6D /* LaunchScreen.storyboard in Resources */,
				DDBF14F31B8E827800A31F6D /* Assets.xcassets in Resources */,
				DDBF14F11B8E827800A31F6D /* Main.storyboard in Resources */,
			);
			runOnlyForDeploymentPostprocessing = 0;
		};
		DDBF14FA1B8E827800A31F6D /* Resources */ = {
			isa = PBXResourcesBuildPhase;
			buildActionMask = 2147483647;
			files = (
			);
			runOnlyForDeploymentPostprocessing = 0;
		};
		DDBF15051B8E827800A31F6D /* Resources */ = {
			isa = PBXResourcesBuildPhase;
			buildActionMask = 2147483647;
			files = (
			);
			runOnlyForDeploymentPostprocessing = 0;
		};
/* End PBXResourcesBuildPhase section */

/* Begin PBXSourcesBuildPhase section */
		DDBF14DF1B8E827800A31F6D /* Sources */ = {
			isa = PBXSourcesBuildPhase;
			buildActionMask = 2147483647;
			files = (
				DD0D99391BA11F130055C7AB /* KOHButton.m in Sources */,
				DDBF151E1B8E8CD500A31F6D /* FavoritesViewController.m in Sources */,
				DDFE78BA1BAA4E930064D78B /* KOHTableViewCell.m in Sources */,
				DDBF14EB1B8E827800A31F6D /* AppDelegate.m in Sources */,
				DDBF151B1B8E8A7F00A31F6D /* FeedTableViewController.m in Sources */,
				DDBF14E81B8E827800A31F6D /* main.m in Sources */,
				DD290F6F1BA0ED8E00CA7531 /* ProfileViewController.m in Sources */,
				DD2760751BA5D85100A746DB /* PhotoViewController.m in Sources */,
			);
			runOnlyForDeploymentPostprocessing = 0;
		};
		DDBF14F81B8E827800A31F6D /* Sources */ = {
			isa = PBXSourcesBuildPhase;
			buildActionMask = 2147483647;
			files = (
				DDBF15011B8E827800A31F6D /* InstaPhotoTests.m in Sources */,
			);
			runOnlyForDeploymentPostprocessing = 0;
		};
		DDBF15031B8E827800A31F6D /* Sources */ = {
			isa = PBXSourcesBuildPhase;
			buildActionMask = 2147483647;
			files = (
				DDBF150C1B8E827800A31F6D /* InstaPhotoUITests.m in Sources */,
			);
			runOnlyForDeploymentPostprocessing = 0;
		};
/* End PBXSourcesBuildPhase section */

/* Begin PBXTargetDependency section */
		DDBF14FE1B8E827800A31F6D /* PBXTargetDependency */ = {
			isa = PBXTargetDependency;
			target = DDBF14E21B8E827800A31F6D /* InstaPhoto */;
			targetProxy = DDBF14FD1B8E827800A31F6D /* PBXContainerItemProxy */;
		};
		DDBF15091B8E827800A31F6D /* PBXTargetDependency */ = {
			isa = PBXTargetDependency;
			target = DDBF14E21B8E827800A31F6D /* InstaPhoto */;
			targetProxy = DDBF15081B8E827800A31F6D /* PBXContainerItemProxy */;
		};
/* End PBXTargetDependency section */

/* Begin PBXVariantGroup section */
		DDBF14EF1B8E827800A31F6D /* Main.storyboard */ = {
			isa = PBXVariantGroup;
			children = (
				DDBF14F01B8E827800A31F6D /* Base */,
			);
			name = Main.storyboard;
			sourceTree = "<group>";
		};
		DDBF14F41B8E827800A31F6D /* LaunchScreen.storyboard */ = {
			isa = PBXVariantGroup;
			children = (
				DDBF14F51B8E827800A31F6D /* Base */,
			);
			name = LaunchScreen.storyboard;
			sourceTree = "<group>";
		};
/* End PBXVariantGroup section */

/* Begin XCBuildConfiguration section */
		DDBF150E1B8E827800A31F6D /* Debug */ = {
			isa = XCBuildConfiguration;
			buildSettings = {
				ALWAYS_SEARCH_USER_PATHS = NO;
				CLANG_CXX_LANGUAGE_STANDARD = "gnu++0x";
				CLANG_CXX_LIBRARY = "libc++";
				CLANG_ENABLE_MODULES = YES;
				CLANG_ENABLE_OBJC_ARC = YES;
				CLANG_WARN_BOOL_CONVERSION = YES;
				CLANG_WARN_CONSTANT_CONVERSION = YES;
				CLANG_WARN_DIRECT_OBJC_ISA_USAGE = YES_ERROR;
				CLANG_WARN_EMPTY_BODY = YES;
				CLANG_WARN_ENUM_CONVERSION = YES;
				CLANG_WARN_INT_CONVERSION = YES;
				CLANG_WARN_OBJC_ROOT_CLASS = YES_ERROR;
				CLANG_WARN_UNREACHABLE_CODE = YES;
				CLANG_WARN__DUPLICATE_METHOD_MATCH = YES;
				"CODE_SIGN_IDENTITY[sdk=iphoneos*]" = "iPhone Developer";
				COPY_PHASE_STRIP = NO;
				DEBUG_INFORMATION_FORMAT = dwarf;
				ENABLE_STRICT_OBJC_MSGSEND = YES;
				ENABLE_TESTABILITY = YES;
				GCC_C_LANGUAGE_STANDARD = gnu99;
				GCC_DYNAMIC_NO_PIC = NO;
				GCC_NO_COMMON_BLOCKS = YES;
				GCC_OPTIMIZATION_LEVEL = 0;
				GCC_PREPROCESSOR_DEFINITIONS = (
					"DEBUG=1",
					"$(inherited)",
				);
				GCC_WARN_64_TO_32_BIT_CONVERSION = YES;
				GCC_WARN_ABOUT_RETURN_TYPE = YES_ERROR;
				GCC_WARN_UNDECLARED_SELECTOR = YES;
				GCC_WARN_UNINITIALIZED_AUTOS = YES_AGGRESSIVE;
				GCC_WARN_UNUSED_FUNCTION = YES;
				GCC_WARN_UNUSED_VARIABLE = YES;
				IPHONEOS_DEPLOYMENT_TARGET = 9.0;
				MTL_ENABLE_DEBUG_INFO = YES;
				ONLY_ACTIVE_ARCH = YES;
				SDKROOT = iphoneos;
			};
			name = Debug;
		};
		DDBF150F1B8E827800A31F6D /* Release */ = {
			isa = XCBuildConfiguration;
			buildSettings = {
				ALWAYS_SEARCH_USER_PATHS = NO;
				CLANG_CXX_LANGUAGE_STANDARD = "gnu++0x";
				CLANG_CXX_LIBRARY = "libc++";
				CLANG_ENABLE_MODULES = YES;
				CLANG_ENABLE_OBJC_ARC = YES;
				CLANG_WARN_BOOL_CONVERSION = YES;
				CLANG_WARN_CONSTANT_CONVERSION = YES;
				CLANG_WARN_DIRECT_OBJC_ISA_USAGE = YES_ERROR;
				CLANG_WARN_EMPTY_BODY = YES;
				CLANG_WARN_ENUM_CONVERSION = YES;
				CLANG_WARN_INT_CONVERSION = YES;
				CLANG_WARN_OBJC_ROOT_CLASS = YES_ERROR;
				CLANG_WARN_UNREACHABLE_CODE = YES;
				CLANG_WARN__DUPLICATE_METHOD_MATCH = YES;
				"CODE_SIGN_IDENTITY[sdk=iphoneos*]" = "iPhone Developer";
				COPY_PHASE_STRIP = NO;
				DEBUG_INFORMATION_FORMAT = "dwarf-with-dsym";
				ENABLE_NS_ASSERTIONS = NO;
				ENABLE_STRICT_OBJC_MSGSEND = YES;
				GCC_C_LANGUAGE_STANDARD = gnu99;
				GCC_NO_COMMON_BLOCKS = YES;
				GCC_WARN_64_TO_32_BIT_CONVERSION = YES;
				GCC_WARN_ABOUT_RETURN_TYPE = YES_ERROR;
				GCC_WARN_UNDECLARED_SELECTOR = YES;
				GCC_WARN_UNINITIALIZED_AUTOS = YES_AGGRESSIVE;
				GCC_WARN_UNUSED_FUNCTION = YES;
				GCC_WARN_UNUSED_VARIABLE = YES;
				IPHONEOS_DEPLOYMENT_TARGET = 9.0;
				MTL_ENABLE_DEBUG_INFO = NO;
				SDKROOT = iphoneos;
				VALIDATE_PRODUCT = YES;
			};
			name = Release;
		};
		DDBF15111B8E827800A31F6D /* Debug */ = {
			isa = XCBuildConfiguration;
			buildSettings = {
				ASSETCATALOG_COMPILER_APPICON_NAME = AppIcon;
				INFOPLIST_FILE = InstaPhoto/Info.plist;
				LD_RUNPATH_SEARCH_PATHS = "$(inherited) @executable_path/Frameworks";
				PRODUCT_BUNDLE_IDENTIFIER = com.Daviskoh.InstaPhoto;
				PRODUCT_NAME = "$(TARGET_NAME)";
			};
			name = Debug;
		};
		DDBF15121B8E827800A31F6D /* Release */ = {
			isa = XCBuildConfiguration;
			buildSettings = {
				ASSETCATALOG_COMPILER_APPICON_NAME = AppIcon;
				INFOPLIST_FILE = InstaPhoto/Info.plist;
				LD_RUNPATH_SEARCH_PATHS = "$(inherited) @executable_path/Frameworks";
				PRODUCT_BUNDLE_IDENTIFIER = com.Daviskoh.InstaPhoto;
				PRODUCT_NAME = "$(TARGET_NAME)";
			};
			name = Release;
		};
		DDBF15141B8E827800A31F6D /* Debug */ = {
			isa = XCBuildConfiguration;
			buildSettings = {
				BUNDLE_LOADER = "$(TEST_HOST)";
				INFOPLIST_FILE = InstaPhotoTests/Info.plist;
				LD_RUNPATH_SEARCH_PATHS = "$(inherited) @executable_path/Frameworks @loader_path/Frameworks";
				PRODUCT_BUNDLE_IDENTIFIER = com.Daviskoh.InstaPhotoTests;
				PRODUCT_NAME = "$(TARGET_NAME)";
				TEST_HOST = "$(BUILT_PRODUCTS_DIR)/InstaPhoto.app/InstaPhoto";
			};
			name = Debug;
		};
		DDBF15151B8E827800A31F6D /* Release */ = {
			isa = XCBuildConfiguration;
			buildSettings = {
				BUNDLE_LOADER = "$(TEST_HOST)";
				INFOPLIST_FILE = InstaPhotoTests/Info.plist;
				LD_RUNPATH_SEARCH_PATHS = "$(inherited) @executable_path/Frameworks @loader_path/Frameworks";
				PRODUCT_BUNDLE_IDENTIFIER = com.Daviskoh.InstaPhotoTests;
				PRODUCT_NAME = "$(TARGET_NAME)";
				TEST_HOST = "$(BUILT_PRODUCTS_DIR)/InstaPhoto.app/InstaPhoto";
			};
			name = Release;
		};
		DDBF15171B8E827800A31F6D /* Debug */ = {
			isa = XCBuildConfiguration;
			buildSettings = {
				INFOPLIST_FILE = InstaPhotoUITests/Info.plist;
				LD_RUNPATH_SEARCH_PATHS = "$(inherited) @executable_path/Frameworks @loader_path/Frameworks";
				PRODUCT_BUNDLE_IDENTIFIER = com.Daviskoh.InstaPhotoUITests;
				PRODUCT_NAME = "$(TARGET_NAME)";
				TEST_TARGET_NAME = InstaPhoto;
				USES_XCTRUNNER = YES;
			};
			name = Debug;
		};
		DDBF15181B8E827800A31F6D /* Release */ = {
			isa = XCBuildConfiguration;
			buildSettings = {
				INFOPLIST_FILE = InstaPhotoUITests/Info.plist;
				LD_RUNPATH_SEARCH_PATHS = "$(inherited) @executable_path/Frameworks @loader_path/Frameworks";
				PRODUCT_BUNDLE_IDENTIFIER = com.Daviskoh.InstaPhotoUITests;
				PRODUCT_NAME = "$(TARGET_NAME)";
				TEST_TARGET_NAME = InstaPhoto;
				USES_XCTRUNNER = YES;
			};
			name = Release;
		};
/* End XCBuildConfiguration section */

/* Begin XCConfigurationList section */
		DDBF14DE1B8E827800A31F6D /* Build configuration list for PBXProject "InstaPhoto" */ = {
			isa = XCConfigurationList;
			buildConfigurations = (
				DDBF150E1B8E827800A31F6D /* Debug */,
				DDBF150F1B8E827800A31F6D /* Release */,
			);
			defaultConfigurationIsVisible = 0;
			defaultConfigurationName = Release;
		};
		DDBF15101B8E827800A31F6D /* Build configuration list for PBXNativeTarget "InstaPhoto" */ = {
			isa = XCConfigurationList;
			buildConfigurations = (
				DDBF15111B8E827800A31F6D /* Debug */,
				DDBF15121B8E827800A31F6D /* Release */,
			);
			defaultConfigurationIsVisible = 0;
			defaultConfigurationName = Release;
		};
		DDBF15131B8E827800A31F6D /* Build configuration list for PBXNativeTarget "InstaPhotoTests" */ = {
			isa = XCConfigurationList;
			buildConfigurations = (
				DDBF15141B8E827800A31F6D /* Debug */,
				DDBF15151B8E827800A31F6D /* Release */,
			);
			defaultConfigurationIsVisible = 0;
			defaultConfigurationName = Release;
		};
		DDBF15161B8E827800A31F6D /* Build configuration list for PBXNativeTarget "InstaPhotoUITests" */ = {
			isa = XCConfigurationList;
			buildConfigurations = (
				DDBF15171B8E827800A31F6D /* Debug */,
				DDBF15181B8E827800A31F6D /* Release */,
			);
			defaultConfigurationIsVisible = 0;
			defaultConfigurationName = Release;
		};
/* End XCConfigurationList section */
	};
	rootObject = DDBF14DB1B8E827800A31F6D /* Project object */;
}
