// !$*UTF8*$!
{
	archiveVersion = 1;
	classes = {
	};
	objectVersion = 46;
	objects = {

/* Begin PBXBuildFile section */
		DDE5A7131B87E26D001DB627 /* main.m in Sources */ = {isa = PBXBuildFile; fileRef = DDE5A7121B87E26D001DB627 /* main.m */; };
		DDE5A7161B87E26D001DB627 /* AppDelegate.m in Sources */ = {isa = PBXBuildFile; fileRef = DDE5A7151B87E26D001DB627 /* AppDelegate.m */; };
		DDE5A7191B87E26D001DB627 /* ViewController.m in Sources */ = {isa = PBXBuildFile; fileRef = DDE5A7181B87E26D001DB627 /* ViewController.m */; };
		DDE5A71C1B87E26D001DB627 /* Main.storyboard in Resources */ = {isa = PBXBuildFile; fileRef = DDE5A71A1B87E26D001DB627 /* Main.storyboard */; };
		DDE5A71E1B87E26D001DB627 /* Assets.xcassets in Resources */ = {isa = PBXBuildFile; fileRef = DDE5A71D1B87E26D001DB627 /* Assets.xcassets */; };
		DDE5A7211B87E26D001DB627 /* LaunchScreen.storyboard in Resources */ = {isa = PBXBuildFile; fileRef = DDE5A71F1B87E26D001DB627 /* LaunchScreen.storyboard */; };
		DDE5A72C1B87E26D001DB627 /* ColorsAndLayoutTests.m in Sources */ = {isa = PBXBuildFile; fileRef = DDE5A72B1B87E26D001DB627 /* ColorsAndLayoutTests.m */; };
		DDE5A7371B87E26D001DB627 /* ColorsAndLayoutUITests.m in Sources */ = {isa = PBXBuildFile; fileRef = DDE5A7361B87E26D001DB627 /* ColorsAndLayoutUITests.m */; };
		DDE5A7461B87E6AA001DB627 /* RootView.m in Sources */ = {isa = PBXBuildFile; fileRef = DDE5A7451B87E6AA001DB627 /* RootView.m */; };
/* End PBXBuildFile section */

/* Begin PBXContainerItemProxy section */
		DDE5A7281B87E26D001DB627 /* PBXContainerItemProxy */ = {
			isa = PBXContainerItemProxy;
			containerPortal = DDE5A7061B87E26D001DB627 /* Project object */;
			proxyType = 1;
			remoteGlobalIDString = DDE5A70D1B87E26D001DB627;
			remoteInfo = ColorsAndLayout;
		};
		DDE5A7331B87E26D001DB627 /* PBXContainerItemProxy */ = {
			isa = PBXContainerItemProxy;
			containerPortal = DDE5A7061B87E26D001DB627 /* Project object */;
			proxyType = 1;
			remoteGlobalIDString = DDE5A70D1B87E26D001DB627;
			remoteInfo = ColorsAndLayout;
		};
/* End PBXContainerItemProxy section */

/* Begin PBXFileReference section */
		DDE5A70E1B87E26D001DB627 /* ColorsAndLayout.app */ = {isa = PBXFileReference; explicitFileType = wrapper.application; includeInIndex = 0; path = ColorsAndLayout.app; sourceTree = BUILT_PRODUCTS_DIR; };
		DDE5A7121B87E26D001DB627 /* main.m */ = {isa = PBXFileReference; lastKnownFileType = sourcecode.c.objc; path = main.m; sourceTree = "<group>"; };
		DDE5A7141B87E26D001DB627 /* AppDelegate.h */ = {isa = PBXFileReference; lastKnownFileType = sourcecode.c.h; path = AppDelegate.h; sourceTree = "<group>"; };
		DDE5A7151B87E26D001DB627 /* AppDelegate.m */ = {isa = PBXFileReference; lastKnownFileType = sourcecode.c.objc; path = AppDelegate.m; sourceTree = "<group>"; };
		DDE5A7171B87E26D001DB627 /* ViewController.h */ = {isa = PBXFileReference; lastKnownFileType = sourcecode.c.h; path = ViewController.h; sourceTree = "<group>"; };
		DDE5A7181B87E26D001DB627 /* ViewController.m */ = {isa = PBXFileReference; lastKnownFileType = sourcecode.c.objc; path = ViewController.m; sourceTree = "<group>"; };
		DDE5A71B1B87E26D001DB627 /* Base */ = {isa = PBXFileReference; lastKnownFileType = file.storyboard; name = Base; path = Base.lproj/Main.storyboard; sourceTree = "<group>"; };
		DDE5A71D1B87E26D001DB627 /* Assets.xcassets */ = {isa = PBXFileReference; lastKnownFileType = folder.assetcatalog; path = Assets.xcassets; sourceTree = "<group>"; };
		DDE5A7201B87E26D001DB627 /* Base */ = {isa = PBXFileReference; lastKnownFileType = file.storyboard; name = Base; path = Base.lproj/LaunchScreen.storyboard; sourceTree = "<group>"; };
		DDE5A7221B87E26D001DB627 /* Info.plist */ = {isa = PBXFileReference; lastKnownFileType = text.plist.xml; path = Info.plist; sourceTree = "<group>"; };
		DDE5A7271B87E26D001DB627 /* ColorsAndLayoutTests.xctest */ = {isa = PBXFileReference; explicitFileType = wrapper.cfbundle; includeInIndex = 0; path = ColorsAndLayoutTests.xctest; sourceTree = BUILT_PRODUCTS_DIR; };
		DDE5A72B1B87E26D001DB627 /* ColorsAndLayoutTests.m */ = {isa = PBXFileReference; lastKnownFileType = sourcecode.c.objc; path = ColorsAndLayoutTests.m; sourceTree = "<group>"; };
		DDE5A72D1B87E26D001DB627 /* Info.plist */ = {isa = PBXFileReference; lastKnownFileType = text.plist.xml; path = Info.plist; sourceTree = "<group>"; };
		DDE5A7321B87E26D001DB627 /* ColorsAndLayoutUITests.xctest */ = {isa = PBXFileReference; explicitFileType = wrapper.cfbundle; includeInIndex = 0; path = ColorsAndLayoutUITests.xctest; sourceTree = BUILT_PRODUCTS_DIR; };
		DDE5A7361B87E26D001DB627 /* ColorsAndLayoutUITests.m */ = {isa = PBXFileReference; lastKnownFileType = sourcecode.c.objc; path = ColorsAndLayoutUITests.m; sourceTree = "<group>"; };
		DDE5A7381B87E26D001DB627 /* Info.plist */ = {isa = PBXFileReference; lastKnownFileType = text.plist.xml; path = Info.plist; sourceTree = "<group>"; };
		DDE5A7441B87E6AA001DB627 /* RootView.h */ = {isa = PBXFileReference; fileEncoding = 4; lastKnownFileType = sourcecode.c.h; path = RootView.h; sourceTree = "<group>"; };
		DDE5A7451B87E6AA001DB627 /* RootView.m */ = {isa = PBXFileReference; fileEncoding = 4; lastKnownFileType = sourcecode.c.objc; path = RootView.m; sourceTree = "<group>"; };
/* End PBXFileReference section */

/* Begin PBXFrameworksBuildPhase section */
		DDE5A70B1B87E26D001DB627 /* Frameworks */ = {
			isa = PBXFrameworksBuildPhase;
			buildActionMask = 2147483647;
			files = (
			);
			runOnlyForDeploymentPostprocessing = 0;
		};
		DDE5A7241B87E26D001DB627 /* Frameworks */ = {
			isa = PBXFrameworksBuildPhase;
			buildActionMask = 2147483647;
			files = (
			);
			runOnlyForDeploymentPostprocessing = 0;
		};
		DDE5A72F1B87E26D001DB627 /* Frameworks */ = {
			isa = PBXFrameworksBuildPhase;
			buildActionMask = 2147483647;
			files = (
			);
			runOnlyForDeploymentPostprocessing = 0;
		};
/* End PBXFrameworksBuildPhase section */

/* Begin PBXGroup section */
		DDE5A7051B87E26D001DB627 = {
			isa = PBXGroup;
			children = (
				DDE5A7101B87E26D001DB627 /* ColorsAndLayout */,
				DDE5A72A1B87E26D001DB627 /* ColorsAndLayoutTests */,
				DDE5A7351B87E26D001DB627 /* ColorsAndLayoutUITests */,
				DDE5A70F1B87E26D001DB627 /* Products */,
			);
			sourceTree = "<group>";
		};
		DDE5A70F1B87E26D001DB627 /* Products */ = {
			isa = PBXGroup;
			children = (
				DDE5A70E1B87E26D001DB627 /* ColorsAndLayout.app */,
				DDE5A7271B87E26D001DB627 /* ColorsAndLayoutTests.xctest */,
				DDE5A7321B87E26D001DB627 /* ColorsAndLayoutUITests.xctest */,
			);
			name = Products;
			sourceTree = "<group>";
		};
		DDE5A7101B87E26D001DB627 /* ColorsAndLayout */ = {
			isa = PBXGroup;
			children = (
				DDE5A7441B87E6AA001DB627 /* RootView.h */,
				DDE5A7451B87E6AA001DB627 /* RootView.m */,
				DDE5A7141B87E26D001DB627 /* AppDelegate.h */,
				DDE5A7151B87E26D001DB627 /* AppDelegate.m */,
				DDE5A7171B87E26D001DB627 /* ViewController.h */,
				DDE5A7181B87E26D001DB627 /* ViewController.m */,
				DDE5A71A1B87E26D001DB627 /* Main.storyboard */,
				DDE5A71D1B87E26D001DB627 /* Assets.xcassets */,
				DDE5A71F1B87E26D001DB627 /* LaunchScreen.storyboard */,
				DDE5A7221B87E26D001DB627 /* Info.plist */,
				DDE5A7111B87E26D001DB627 /* Supporting Files */,
			);
			path = ColorsAndLayout;
			sourceTree = "<group>";
		};
		DDE5A7111B87E26D001DB627 /* Supporting Files */ = {
			isa = PBXGroup;
			children = (
				DDE5A7121B87E26D001DB627 /* main.m */,
			);
			name = "Supporting Files";
			sourceTree = "<group>";
		};
		DDE5A72A1B87E26D001DB627 /* ColorsAndLayoutTests */ = {
			isa = PBXGroup;
			children = (
				DDE5A72B1B87E26D001DB627 /* ColorsAndLayoutTests.m */,
				DDE5A72D1B87E26D001DB627 /* Info.plist */,
			);
			path = ColorsAndLayoutTests;
			sourceTree = "<group>";
		};
		DDE5A7351B87E26D001DB627 /* ColorsAndLayoutUITests */ = {
			isa = PBXGroup;
			children = (
				DDE5A7361B87E26D001DB627 /* ColorsAndLayoutUITests.m */,
				DDE5A7381B87E26D001DB627 /* Info.plist */,
			);
			path = ColorsAndLayoutUITests;
			sourceTree = "<group>";
		};
/* End PBXGroup section */

/* Begin PBXNativeTarget section */
		DDE5A70D1B87E26D001DB627 /* ColorsAndLayout */ = {
			isa = PBXNativeTarget;
			buildConfigurationList = DDE5A73B1B87E26D001DB627 /* Build configuration list for PBXNativeTarget "ColorsAndLayout" */;
			buildPhases = (
				DDE5A70A1B87E26D001DB627 /* Sources */,
				DDE5A70B1B87E26D001DB627 /* Frameworks */,
				DDE5A70C1B87E26D001DB627 /* Resources */,
			);
			buildRules = (
			);
			dependencies = (
			);
			name = ColorsAndLayout;
			productName = ColorsAndLayout;
			productReference = DDE5A70E1B87E26D001DB627 /* ColorsAndLayout.app */;
			productType = "com.apple.product-type.application";
		};
		DDE5A7261B87E26D001DB627 /* ColorsAndLayoutTests */ = {
			isa = PBXNativeTarget;
			buildConfigurationList = DDE5A73E1B87E26D001DB627 /* Build configuration list for PBXNativeTarget "ColorsAndLayoutTests" */;
			buildPhases = (
				DDE5A7231B87E26D001DB627 /* Sources */,
				DDE5A7241B87E26D001DB627 /* Frameworks */,
				DDE5A7251B87E26D001DB627 /* Resources */,
			);
			buildRules = (
			);
			dependencies = (
				DDE5A7291B87E26D001DB627 /* PBXTargetDependency */,
			);
			name = ColorsAndLayoutTests;
			productName = ColorsAndLayoutTests;
			productReference = DDE5A7271B87E26D001DB627 /* ColorsAndLayoutTests.xctest */;
			productType = "com.apple.product-type.bundle.unit-test";
		};
		DDE5A7311B87E26D001DB627 /* ColorsAndLayoutUITests */ = {
			isa = PBXNativeTarget;
			buildConfigurationList = DDE5A7411B87E26D001DB627 /* Build configuration list for PBXNativeTarget "ColorsAndLayoutUITests" */;
			buildPhases = (
				DDE5A72E1B87E26D001DB627 /* Sources */,
				DDE5A72F1B87E26D001DB627 /* Frameworks */,
				DDE5A7301B87E26D001DB627 /* Resources */,
			);
			buildRules = (
			);
			dependencies = (
				DDE5A7341B87E26D001DB627 /* PBXTargetDependency */,
			);
			name = ColorsAndLayoutUITests;
			productName = ColorsAndLayoutUITests;
			productReference = DDE5A7321B87E26D001DB627 /* ColorsAndLayoutUITests.xctest */;
			productType = "com.apple.product-type.bundle.ui-testing";
		};
/* End PBXNativeTarget section */

/* Begin PBXProject section */
		DDE5A7061B87E26D001DB627 /* Project object */ = {
			isa = PBXProject;
			attributes = {
				LastUpgradeCheck = 0700;
				ORGANIZATIONNAME = com.DavisKoh;
				TargetAttributes = {
					DDE5A70D1B87E26D001DB627 = {
						CreatedOnToolsVersion = 7.0;
					};
					DDE5A7261B87E26D001DB627 = {
						CreatedOnToolsVersion = 7.0;
						TestTargetID = DDE5A70D1B87E26D001DB627;
					};
					DDE5A7311B87E26D001DB627 = {
						CreatedOnToolsVersion = 7.0;
						TestTargetID = DDE5A70D1B87E26D001DB627;
					};
				};
			};
			buildConfigurationList = DDE5A7091B87E26D001DB627 /* Build configuration list for PBXProject "ColorsAndLayout" */;
			compatibilityVersion = "Xcode 3.2";
			developmentRegion = English;
			hasScannedForEncodings = 0;
			knownRegions = (
				en,
				Base,
			);
			mainGroup = DDE5A7051B87E26D001DB627;
			productRefGroup = DDE5A70F1B87E26D001DB627 /* Products */;
			projectDirPath = "";
			projectRoot = "";
			targets = (
				DDE5A70D1B87E26D001DB627 /* ColorsAndLayout */,
				DDE5A7261B87E26D001DB627 /* ColorsAndLayoutTests */,
				DDE5A7311B87E26D001DB627 /* ColorsAndLayoutUITests */,
			);
		};
/* End PBXProject section */

/* Begin PBXResourcesBuildPhase section */
		DDE5A70C1B87E26D001DB627 /* Resources */ = {
			isa = PBXResourcesBuildPhase;
			buildActionMask = 2147483647;
			files = (
				DDE5A7211B87E26D001DB627 /* LaunchScreen.storyboard in Resources */,
				DDE5A71E1B87E26D001DB627 /* Assets.xcassets in Resources */,
				DDE5A71C1B87E26D001DB627 /* Main.storyboard in Resources */,
			);
			runOnlyForDeploymentPostprocessing = 0;
		};
		DDE5A7251B87E26D001DB627 /* Resources */ = {
			isa = PBXResourcesBuildPhase;
			buildActionMask = 2147483647;
			files = (
			);
			runOnlyForDeploymentPostprocessing = 0;
		};
		DDE5A7301B87E26D001DB627 /* Resources */ = {
			isa = PBXResourcesBuildPhase;
			buildActionMask = 2147483647;
			files = (
			);
			runOnlyForDeploymentPostprocessing = 0;
		};
/* End PBXResourcesBuildPhase section */

/* Begin PBXSourcesBuildPhase section */
		DDE5A70A1B87E26D001DB627 /* Sources */ = {
			isa = PBXSourcesBuildPhase;
			buildActionMask = 2147483647;
			files = (
				DDE5A7461B87E6AA001DB627 /* RootView.m in Sources */,
				DDE5A7191B87E26D001DB627 /* ViewController.m in Sources */,
				DDE5A7161B87E26D001DB627 /* AppDelegate.m in Sources */,
				DDE5A7131B87E26D001DB627 /* main.m in Sources */,
			);
			runOnlyForDeploymentPostprocessing = 0;
		};
		DDE5A7231B87E26D001DB627 /* Sources */ = {
			isa = PBXSourcesBuildPhase;
			buildActionMask = 2147483647;
			files = (
				DDE5A72C1B87E26D001DB627 /* ColorsAndLayoutTests.m in Sources */,
			);
			runOnlyForDeploymentPostprocessing = 0;
		};
		DDE5A72E1B87E26D001DB627 /* Sources */ = {
			isa = PBXSourcesBuildPhase;
			buildActionMask = 2147483647;
			files = (
				DDE5A7371B87E26D001DB627 /* ColorsAndLayoutUITests.m in Sources */,
			);
			runOnlyForDeploymentPostprocessing = 0;
		};
/* End PBXSourcesBuildPhase section */

/* Begin PBXTargetDependency section */
		DDE5A7291B87E26D001DB627 /* PBXTargetDependency */ = {
			isa = PBXTargetDependency;
			target = DDE5A70D1B87E26D001DB627 /* ColorsAndLayout */;
			targetProxy = DDE5A7281B87E26D001DB627 /* PBXContainerItemProxy */;
		};
		DDE5A7341B87E26D001DB627 /* PBXTargetDependency */ = {
			isa = PBXTargetDependency;
			target = DDE5A70D1B87E26D001DB627 /* ColorsAndLayout */;
			targetProxy = DDE5A7331B87E26D001DB627 /* PBXContainerItemProxy */;
		};
/* End PBXTargetDependency section */

/* Begin PBXVariantGroup section */
		DDE5A71A1B87E26D001DB627 /* Main.storyboard */ = {
			isa = PBXVariantGroup;
			children = (
				DDE5A71B1B87E26D001DB627 /* Base */,
			);
			name = Main.storyboard;
			sourceTree = "<group>";
		};
		DDE5A71F1B87E26D001DB627 /* LaunchScreen.storyboard */ = {
			isa = PBXVariantGroup;
			children = (
				DDE5A7201B87E26D001DB627 /* Base */,
			);
			name = LaunchScreen.storyboard;
			sourceTree = "<group>";
		};
/* End PBXVariantGroup section */

/* Begin XCBuildConfiguration section */
		DDE5A7391B87E26D001DB627 /* Debug */ = {
			isa = XCBuildConfiguration;
			buildSettings = {
				ALWAYS_SEARCH_USER_PATHS = NO;
				CLANG_CXX_LANGUAGE_STANDARD = "gnu++0x";
				CLANG_CXX_LIBRARY = "libc++";
				CLANG_ENABLE_MODULES = YES;
				CLANG_ENABLE_OBJC_ARC = YES;
				CLANG_WARN_BOOL_CONVERSION = YES;
				CLANG_WARN_CONSTANT_CONVERSION = YES;
				CLANG_WARN_DIRECT_OBJC_ISA_USAGE = YES_ERROR;
				CLANG_WARN_EMPTY_BODY = YES;
				CLANG_WARN_ENUM_CONVERSION = YES;
				CLANG_WARN_INT_CONVERSION = YES;
				CLANG_WARN_OBJC_ROOT_CLASS = YES_ERROR;
				CLANG_WARN_UNREACHABLE_CODE = YES;
				CLANG_WARN__DUPLICATE_METHOD_MATCH = YES;
				"CODE_SIGN_IDENTITY[sdk=iphoneos*]" = "iPhone Developer";
				COPY_PHASE_STRIP = NO;
				DEBUG_INFORMATION_FORMAT = dwarf;
				ENABLE_STRICT_OBJC_MSGSEND = YES;
				ENABLE_TESTABILITY = YES;
				GCC_C_LANGUAGE_STANDARD = gnu99;
				GCC_DYNAMIC_NO_PIC = NO;
				GCC_NO_COMMON_BLOCKS = YES;
				GCC_OPTIMIZATION_LEVEL = 0;
				GCC_PREPROCESSOR_DEFINITIONS = (
					"DEBUG=1",
					"$(inherited)",
				);
				GCC_WARN_64_TO_32_BIT_CONVERSION = YES;
				GCC_WARN_ABOUT_RETURN_TYPE = YES_ERROR;
				GCC_WARN_UNDECLARED_SELECTOR = YES;
				GCC_WARN_UNINITIALIZED_AUTOS = YES_AGGRESSIVE;
				GCC_WARN_UNUSED_FUNCTION = YES;
				GCC_WARN_UNUSED_VARIABLE = YES;
				IPHONEOS_DEPLOYMENT_TARGET = 9.0;
				MTL_ENABLE_DEBUG_INFO = YES;
				ONLY_ACTIVE_ARCH = YES;
				SDKROOT = iphoneos;
			};
			name = Debug;
		};
		DDE5A73A1B87E26D001DB627 /* Release */ = {
			isa = XCBuildConfiguration;
			buildSettings = {
				ALWAYS_SEARCH_USER_PATHS = NO;
				CLANG_CXX_LANGUAGE_STANDARD = "gnu++0x";
				CLANG_CXX_LIBRARY = "libc++";
				CLANG_ENABLE_MODULES = YES;
				CLANG_ENABLE_OBJC_ARC = YES;
				CLANG_WARN_BOOL_CONVERSION = YES;
				CLANG_WARN_CONSTANT_CONVERSION = YES;
				CLANG_WARN_DIRECT_OBJC_ISA_USAGE = YES_ERROR;
				CLANG_WARN_EMPTY_BODY = YES;
				CLANG_WARN_ENUM_CONVERSION = YES;
				CLANG_WARN_INT_CONVERSION = YES;
				CLANG_WARN_OBJC_ROOT_CLASS = YES_ERROR;
				CLANG_WARN_UNREACHABLE_CODE = YES;
				CLANG_WARN__DUPLICATE_METHOD_MATCH = YES;
				"CODE_SIGN_IDENTITY[sdk=iphoneos*]" = "iPhone Developer";
				COPY_PHASE_STRIP = NO;
				DEBUG_INFORMATION_FORMAT = "dwarf-with-dsym";
				ENABLE_NS_ASSERTIONS = NO;
				ENABLE_STRICT_OBJC_MSGSEND = YES;
				GCC_C_LANGUAGE_STANDARD = gnu99;
				GCC_NO_COMMON_BLOCKS = YES;
				GCC_WARN_64_TO_32_BIT_CONVERSION = YES;
				GCC_WARN_ABOUT_RETURN_TYPE = YES_ERROR;
				GCC_WARN_UNDECLARED_SELECTOR = YES;
				GCC_WARN_UNINITIALIZED_AUTOS = YES_AGGRESSIVE;
				GCC_WARN_UNUSED_FUNCTION = YES;
				GCC_WARN_UNUSED_VARIABLE = YES;
				IPHONEOS_DEPLOYMENT_TARGET = 9.0;
				MTL_ENABLE_DEBUG_INFO = NO;
				SDKROOT = iphoneos;
				VALIDATE_PRODUCT = YES;
			};
			name = Release;
		};
		DDE5A73C1B87E26D001DB627 /* Debug */ = {
			isa = XCBuildConfiguration;
			buildSettings = {
				ASSETCATALOG_COMPILER_APPICON_NAME = AppIcon;
				INFOPLIST_FILE = ColorsAndLayout/Info.plist;
				LD_RUNPATH_SEARCH_PATHS = "$(inherited) @executable_path/Frameworks";
				PRODUCT_BUNDLE_IDENTIFIER = com.Daviskoh.ColorsAndLayout;
				PRODUCT_NAME = "$(TARGET_NAME)";
			};
			name = Debug;
		};
		DDE5A73D1B87E26D001DB627 /* Release */ = {
			isa = XCBuildConfiguration;
			buildSettings = {
				ASSETCATALOG_COMPILER_APPICON_NAME = AppIcon;
				INFOPLIST_FILE = ColorsAndLayout/Info.plist;
				LD_RUNPATH_SEARCH_PATHS = "$(inherited) @executable_path/Frameworks";
				PRODUCT_BUNDLE_IDENTIFIER = com.Daviskoh.ColorsAndLayout;
				PRODUCT_NAME = "$(TARGET_NAME)";
			};
			name = Release;
		};
		DDE5A73F1B87E26D001DB627 /* Debug */ = {
			isa = XCBuildConfiguration;
			buildSettings = {
				BUNDLE_LOADER = "$(TEST_HOST)";
				INFOPLIST_FILE = ColorsAndLayoutTests/Info.plist;
				LD_RUNPATH_SEARCH_PATHS = "$(inherited) @executable_path/Frameworks @loader_path/Frameworks";
				PRODUCT_BUNDLE_IDENTIFIER = com.Daviskoh.ColorsAndLayoutTests;
				PRODUCT_NAME = "$(TARGET_NAME)";
				TEST_HOST = "$(BUILT_PRODUCTS_DIR)/ColorsAndLayout.app/ColorsAndLayout";
			};
			name = Debug;
		};
		DDE5A7401B87E26D001DB627 /* Release */ = {
			isa = XCBuildConfiguration;
			buildSettings = {
				BUNDLE_LOADER = "$(TEST_HOST)";
				INFOPLIST_FILE = ColorsAndLayoutTests/Info.plist;
				LD_RUNPATH_SEARCH_PATHS = "$(inherited) @executable_path/Frameworks @loader_path/Frameworks";
				PRODUCT_BUNDLE_IDENTIFIER = com.Daviskoh.ColorsAndLayoutTests;
				PRODUCT_NAME = "$(TARGET_NAME)";
				TEST_HOST = "$(BUILT_PRODUCTS_DIR)/ColorsAndLayout.app/ColorsAndLayout";
			};
			name = Release;
		};
		DDE5A7421B87E26D001DB627 /* Debug */ = {
			isa = XCBuildConfiguration;
			buildSettings = {
				INFOPLIST_FILE = ColorsAndLayoutUITests/Info.plist;
				LD_RUNPATH_SEARCH_PATHS = "$(inherited) @executable_path/Frameworks @loader_path/Frameworks";
				PRODUCT_BUNDLE_IDENTIFIER = com.Daviskoh.ColorsAndLayoutUITests;
				PRODUCT_NAME = "$(TARGET_NAME)";
				TEST_TARGET_NAME = ColorsAndLayout;
				USES_XCTRUNNER = YES;
			};
			name = Debug;
		};
		DDE5A7431B87E26D001DB627 /* Release */ = {
			isa = XCBuildConfiguration;
			buildSettings = {
				INFOPLIST_FILE = ColorsAndLayoutUITests/Info.plist;
				LD_RUNPATH_SEARCH_PATHS = "$(inherited) @executable_path/Frameworks @loader_path/Frameworks";
				PRODUCT_BUNDLE_IDENTIFIER = com.Daviskoh.ColorsAndLayoutUITests;
				PRODUCT_NAME = "$(TARGET_NAME)";
				TEST_TARGET_NAME = ColorsAndLayout;
				USES_XCTRUNNER = YES;
			};
			name = Release;
		};
/* End XCBuildConfiguration section */

/* Begin XCConfigurationList section */
		DDE5A7091B87E26D001DB627 /* Build configuration list for PBXProject "ColorsAndLayout" */ = {
			isa = XCConfigurationList;
			buildConfigurations = (
				DDE5A7391B87E26D001DB627 /* Debug */,
				DDE5A73A1B87E26D001DB627 /* Release */,
			);
			defaultConfigurationIsVisible = 0;
			defaultConfigurationName = Release;
		};
		DDE5A73B1B87E26D001DB627 /* Build configuration list for PBXNativeTarget "ColorsAndLayout" */ = {
			isa = XCConfigurationList;
			buildConfigurations = (
				DDE5A73C1B87E26D001DB627 /* Debug */,
				DDE5A73D1B87E26D001DB627 /* Release */,
			);
			defaultConfigurationIsVisible = 0;
		};
		DDE5A73E1B87E26D001DB627 /* Build configuration list for PBXNativeTarget "ColorsAndLayoutTests" */ = {
			isa = XCConfigurationList;
			buildConfigurations = (
				DDE5A73F1B87E26D001DB627 /* Debug */,
				DDE5A7401B87E26D001DB627 /* Release */,
			);
			defaultConfigurationIsVisible = 0;
		};
		DDE5A7411B87E26D001DB627 /* Build configuration list for PBXNativeTarget "ColorsAndLayoutUITests" */ = {
			isa = XCConfigurationList;
			buildConfigurations = (
				DDE5A7421B87E26D001DB627 /* Debug */,
				DDE5A7431B87E26D001DB627 /* Release */,
			);
			defaultConfigurationIsVisible = 0;
		};
/* End XCConfigurationList section */
	};
	rootObject = DDE5A7061B87E26D001DB627 /* Project object */;
}
